// !$*UTF8*$!
{
	archiveVersion = 1;
	classes = {
	};
	objectVersion = 56;
	objects = {

/* Begin PBXBuildFile section */
		D60FBA442A33528C00C98AF8 /* MapViewState.swift in Sources */ = {isa = PBXBuildFile; fileRef = D60FBA432A33528C00C98AF8 /* MapViewState.swift */; };
		D60FBA472A3356C800C98AF8 /* RideRequestView.swift in Sources */ = {isa = PBXBuildFile; fileRef = D60FBA462A3356C800C98AF8 /* RideRequestView.swift */; };
		D626C1A72A308C5D00A59EAE /* UberCloneApp.swift in Sources */ = {isa = PBXBuildFile; fileRef = D626C1A62A308C5D00A59EAE /* UberCloneApp.swift */; };
		D626C1AB2A308C5E00A59EAE /* Assets.xcassets in Resources */ = {isa = PBXBuildFile; fileRef = D626C1AA2A308C5E00A59EAE /* Assets.xcassets */; };
		D626C1AE2A308C5E00A59EAE /* Preview Assets.xcassets in Resources */ = {isa = PBXBuildFile; fileRef = D626C1AD2A308C5E00A59EAE /* Preview Assets.xcassets */; };
		D626C1BE2A308E0600A59EAE /* HomeView.swift in Sources */ = {isa = PBXBuildFile; fileRef = D626C1BD2A308E0600A59EAE /* HomeView.swift */; };
		D626C1C02A30929700A59EAE /* UberMapViewRepresentable.swift in Sources */ = {isa = PBXBuildFile; fileRef = D626C1BF2A30929700A59EAE /* UberMapViewRepresentable.swift */; };
		D626C1C22A30941200A59EAE /* LocationManager.swift in Sources */ = {isa = PBXBuildFile; fileRef = D626C1C12A30941200A59EAE /* LocationManager.swift */; };
		D626C1C82A30C28500A59EAE /* LocationSearchActivationView.swift in Sources */ = {isa = PBXBuildFile; fileRef = D626C1C72A30C28500A59EAE /* LocationSearchActivationView.swift */; };
		D626C1CA2A30C37400A59EAE /* MapViewActionButton.swift in Sources */ = {isa = PBXBuildFile; fileRef = D626C1C92A30C37400A59EAE /* MapViewActionButton.swift */; };
		D626C1CC2A30C41B00A59EAE /* LocationSearchView.swift in Sources */ = {isa = PBXBuildFile; fileRef = D626C1CB2A30C41B00A59EAE /* LocationSearchView.swift */; };
		D626C1CE2A30C57000A59EAE /* LocationSearchResultCell.swift in Sources */ = {isa = PBXBuildFile; fileRef = D626C1CD2A30C57000A59EAE /* LocationSearchResultCell.swift */; };
		D626C1D02A327F6D00A59EAE /* LocationSearchViewModel.swift in Sources */ = {isa = PBXBuildFile; fileRef = D626C1CF2A327F6D00A59EAE /* LocationSearchViewModel.swift */; };
		D6A8A2CD2A33603400A8665A /* RideType.swift in Sources */ = {isa = PBXBuildFile; fileRef = D6A8A2CC2A33603400A8665A /* RideType.swift */; };
		D6A8A2CF2A3366F100A8665A /* Double.swift in Sources */ = {isa = PBXBuildFile; fileRef = D6A8A2CE2A3366F100A8665A /* Double.swift */; };
		D6A8A2D12A33683200A8665A /* UberLocation.swift in Sources */ = {isa = PBXBuildFile; fileRef = D6A8A2D02A33683200A8665A /* UberLocation.swift */; };
		D6A8A2D32A336BAF00A8665A /* Color.swift in Sources */ = {isa = PBXBuildFile; fileRef = D6A8A2D22A336BAF00A8665A /* Color.swift */; };
/* End PBXBuildFile section */

/* Begin PBXFileReference section */
		D60FBA432A33528C00C98AF8 /* MapViewState.swift */ = {isa = PBXFileReference; lastKnownFileType = sourcecode.swift; path = MapViewState.swift; sourceTree = "<group>"; };
		D60FBA462A3356C800C98AF8 /* RideRequestView.swift */ = {isa = PBXFileReference; lastKnownFileType = sourcecode.swift; path = RideRequestView.swift; sourceTree = "<group>"; };
		D626C1A32A308C5D00A59EAE /* UberClone.app */ = {isa = PBXFileReference; explicitFileType = wrapper.application; includeInIndex = 0; path = UberClone.app; sourceTree = BUILT_PRODUCTS_DIR; };
		D626C1A62A308C5D00A59EAE /* UberCloneApp.swift */ = {isa = PBXFileReference; lastKnownFileType = sourcecode.swift; path = UberCloneApp.swift; sourceTree = "<group>"; };
		D626C1AA2A308C5E00A59EAE /* Assets.xcassets */ = {isa = PBXFileReference; lastKnownFileType = folder.assetcatalog; path = Assets.xcassets; sourceTree = "<group>"; };
		D626C1AD2A308C5E00A59EAE /* Preview Assets.xcassets */ = {isa = PBXFileReference; lastKnownFileType = folder.assetcatalog; path = "Preview Assets.xcassets"; sourceTree = "<group>"; };
		D626C1BD2A308E0600A59EAE /* HomeView.swift */ = {isa = PBXFileReference; lastKnownFileType = sourcecode.swift; path = HomeView.swift; sourceTree = "<group>"; };
		D626C1BF2A30929700A59EAE /* UberMapViewRepresentable.swift */ = {isa = PBXFileReference; lastKnownFileType = sourcecode.swift; path = UberMapViewRepresentable.swift; sourceTree = "<group>"; };
		D626C1C12A30941200A59EAE /* LocationManager.swift */ = {isa = PBXFileReference; lastKnownFileType = sourcecode.swift; path = LocationManager.swift; sourceTree = "<group>"; };
		D626C1C72A30C28500A59EAE /* LocationSearchActivationView.swift */ = {isa = PBXFileReference; lastKnownFileType = sourcecode.swift; path = LocationSearchActivationView.swift; sourceTree = "<group>"; };
		D626C1C92A30C37400A59EAE /* MapViewActionButton.swift */ = {isa = PBXFileReference; lastKnownFileType = sourcecode.swift; path = MapViewActionButton.swift; sourceTree = "<group>"; };
		D626C1CB2A30C41B00A59EAE /* LocationSearchView.swift */ = {isa = PBXFileReference; lastKnownFileType = sourcecode.swift; path = LocationSearchView.swift; sourceTree = "<group>"; };
		D626C1CD2A30C57000A59EAE /* LocationSearchResultCell.swift */ = {isa = PBXFileReference; lastKnownFileType = sourcecode.swift; path = LocationSearchResultCell.swift; sourceTree = "<group>"; };
		D626C1CF2A327F6D00A59EAE /* LocationSearchViewModel.swift */ = {isa = PBXFileReference; lastKnownFileType = sourcecode.swift; path = LocationSearchViewModel.swift; sourceTree = "<group>"; };
		D6A8A2CC2A33603400A8665A /* RideType.swift */ = {isa = PBXFileReference; lastKnownFileType = sourcecode.swift; path = RideType.swift; sourceTree = "<group>"; };
		D6A8A2CE2A3366F100A8665A /* Double.swift */ = {isa = PBXFileReference; lastKnownFileType = sourcecode.swift; path = Double.swift; sourceTree = "<group>"; };
		D6A8A2D02A33683200A8665A /* UberLocation.swift */ = {isa = PBXFileReference; lastKnownFileType = sourcecode.swift; path = UberLocation.swift; sourceTree = "<group>"; };
		D6A8A2D22A336BAF00A8665A /* Color.swift */ = {isa = PBXFileReference; lastKnownFileType = sourcecode.swift; path = Color.swift; sourceTree = "<group>"; };
/* End PBXFileReference section */

/* Begin PBXFrameworksBuildPhase section */
		D626C1A02A308C5D00A59EAE /* Frameworks */ = {
			isa = PBXFrameworksBuildPhase;
			buildActionMask = 2147483647;
			files = (
			);
			runOnlyForDeploymentPostprocessing = 0;
		};
/* End PBXFrameworksBuildPhase section */

/* Begin PBXGroup section */
		D60FBA452A3356BB00C98AF8 /* Trips */ = {
			isa = PBXGroup;
			children = (
				D60FBA462A3356C800C98AF8 /* RideRequestView.swift */,
			);
			path = Trips;
			sourceTree = "<group>";
		};
		D626C19A2A308C5D00A59EAE = {
			isa = PBXGroup;
			children = (
				D626C1A52A308C5D00A59EAE /* UberClone */,
				D626C1A42A308C5D00A59EAE /* Products */,
			);
			sourceTree = "<group>";
		};
		D626C1A42A308C5D00A59EAE /* Products */ = {
			isa = PBXGroup;
			children = (
				D626C1A32A308C5D00A59EAE /* UberClone.app */,
			);
			name = Products;
			sourceTree = "<group>";
		};
		D626C1A52A308C5D00A59EAE /* UberClone */ = {
			isa = PBXGroup;
			children = (
				D626C1BA2A308DCE00A59EAE /* App */,
				D626C1B92A308DCC00A59EAE /* Core */,
				D626C1B82A308DCB00A59EAE /* Extensions */,
				D626C1B62A308DC600A59EAE /* Managers */,
				D626C1B42A308DB500A59EAE /* Models */,
				D626C1AA2A308C5E00A59EAE /* Assets.xcassets */,
				D626C1AC2A308C5E00A59EAE /* Preview Content */,
			);
			path = UberClone;
			sourceTree = "<group>";
		};
		D626C1AC2A308C5E00A59EAE /* Preview Content */ = {
			isa = PBXGroup;
			children = (
				D626C1AD2A308C5E00A59EAE /* Preview Assets.xcassets */,
			);
			path = "Preview Content";
			sourceTree = "<group>";
		};
		D626C1B42A308DB500A59EAE /* Models */ = {
			isa = PBXGroup;
			children = (
				D60FBA432A33528C00C98AF8 /* MapViewState.swift */,
				D6A8A2CC2A33603400A8665A /* RideType.swift */,
				D6A8A2D02A33683200A8665A /* UberLocation.swift */,
			);
			path = Models;
			sourceTree = "<group>";
		};
		D626C1B62A308DC600A59EAE /* Managers */ = {
			isa = PBXGroup;
			children = (
				D626C1C12A30941200A59EAE /* LocationManager.swift */,
			);
			path = Managers;
			sourceTree = "<group>";
		};
		D626C1B82A308DCB00A59EAE /* Extensions */ = {
			isa = PBXGroup;
			children = (
				D6A8A2CE2A3366F100A8665A /* Double.swift */,
				D6A8A2D22A336BAF00A8665A /* Color.swift */,
			);
			path = Extensions;
			sourceTree = "<group>";
		};
		D626C1B92A308DCC00A59EAE /* Core */ = {
			isa = PBXGroup;
			children = (
				D60FBA452A3356BB00C98AF8 /* Trips */,
				D626C1C42A30C24F00A59EAE /* LocationSearch */,
				D626C1C32A30C24700A59EAE /* Home */,
			);
			path = Core;
			sourceTree = "<group>";
		};
		D626C1BA2A308DCE00A59EAE /* App */ = {
			isa = PBXGroup;
			children = (
				D626C1A62A308C5D00A59EAE /* UberCloneApp.swift */,
			);
			path = App;
			sourceTree = "<group>";
		};
		D626C1BB2A308DF500A59EAE /* ViewModel */ = {
			isa = PBXGroup;
			children = (
			);
			path = ViewModel;
			sourceTree = "<group>";
		};
		D626C1BC2A308DFC00A59EAE /* Views */ = {
			isa = PBXGroup;
			children = (
				D626C1BD2A308E0600A59EAE /* HomeView.swift */,
				D626C1BF2A30929700A59EAE /* UberMapViewRepresentable.swift */,
				D626C1C92A30C37400A59EAE /* MapViewActionButton.swift */,
			);
			path = Views;
			sourceTree = "<group>";
		};
		D626C1C32A30C24700A59EAE /* Home */ = {
			isa = PBXGroup;
			children = (
				D626C1BC2A308DFC00A59EAE /* Views */,
				D626C1BB2A308DF500A59EAE /* ViewModel */,
			);
			path = Home;
			sourceTree = "<group>";
		};
		D626C1C42A30C24F00A59EAE /* LocationSearch */ = {
			isa = PBXGroup;
			children = (
				D626C1C62A30C26400A59EAE /* ViewModel */,
				D626C1C52A30C26000A59EAE /* Views */,
			);
			path = LocationSearch;
			sourceTree = "<group>";
		};
		D626C1C52A30C26000A59EAE /* Views */ = {
			isa = PBXGroup;
			children = (
				D626C1C72A30C28500A59EAE /* LocationSearchActivationView.swift */,
				D626C1CB2A30C41B00A59EAE /* LocationSearchView.swift */,
				D626C1CD2A30C57000A59EAE /* LocationSearchResultCell.swift */,
			);
			path = Views;
			sourceTree = "<group>";
		};
		D626C1C62A30C26400A59EAE /* ViewModel */ = {
			isa = PBXGroup;
			children = (
				D626C1CF2A327F6D00A59EAE /* LocationSearchViewModel.swift */,
			);
			path = ViewModel;
			sourceTree = "<group>";
		};
/* End PBXGroup section */

/* Begin PBXNativeTarget section */
		D626C1A22A308C5D00A59EAE /* UberClone */ = {
			isa = PBXNativeTarget;
			buildConfigurationList = D626C1B12A308C5E00A59EAE /* Build configuration list for PBXNativeTarget "UberClone" */;
			buildPhases = (
				D626C19F2A308C5D00A59EAE /* Sources */,
				D626C1A02A308C5D00A59EAE /* Frameworks */,
				D626C1A12A308C5D00A59EAE /* Resources */,
			);
			buildRules = (
			);
			dependencies = (
			);
			name = UberClone;
			productName = UberClone;
			productReference = D626C1A32A308C5D00A59EAE /* UberClone.app */;
			productType = "com.apple.product-type.application";
		};
/* End PBXNativeTarget section */

/* Begin PBXProject section */
		D626C19B2A308C5D00A59EAE /* Project object */ = {
			isa = PBXProject;
			attributes = {
				BuildIndependentTargetsInParallel = 1;
				LastSwiftUpdateCheck = 1430;
				LastUpgradeCheck = 1430;
				TargetAttributes = {
					D626C1A22A308C5D00A59EAE = {
						CreatedOnToolsVersion = 14.3;
					};
				};
			};
			buildConfigurationList = D626C19E2A308C5D00A59EAE /* Build configuration list for PBXProject "UberClone" */;
			compatibilityVersion = "Xcode 14.0";
			developmentRegion = en;
			hasScannedForEncodings = 0;
			knownRegions = (
				en,
				Base,
			);
			mainGroup = D626C19A2A308C5D00A59EAE;
			productRefGroup = D626C1A42A308C5D00A59EAE /* Products */;
			projectDirPath = "";
			projectRoot = "";
			targets = (
				D626C1A22A308C5D00A59EAE /* UberClone */,
			);
		};
/* End PBXProject section */

/* Begin PBXResourcesBuildPhase section */
		D626C1A12A308C5D00A59EAE /* Resources */ = {
			isa = PBXResourcesBuildPhase;
			buildActionMask = 2147483647;
			files = (
				D626C1AE2A308C5E00A59EAE /* Preview Assets.xcassets in Resources */,
				D626C1AB2A308C5E00A59EAE /* Assets.xcassets in Resources */,
			);
			runOnlyForDeploymentPostprocessing = 0;
		};
/* End PBXResourcesBuildPhase section */

/* Begin PBXSourcesBuildPhase section */
		D626C19F2A308C5D00A59EAE /* Sources */ = {
			isa = PBXSourcesBuildPhase;
			buildActionMask = 2147483647;
			files = (
				D626C1D02A327F6D00A59EAE /* LocationSearchViewModel.swift in Sources */,
				D626C1CC2A30C41B00A59EAE /* LocationSearchView.swift in Sources */,
				D626C1C22A30941200A59EAE /* LocationManager.swift in Sources */,
				D60FBA472A3356C800C98AF8 /* RideRequestView.swift in Sources */,
				D6A8A2CF2A3366F100A8665A /* Double.swift in Sources */,
				D60FBA442A33528C00C98AF8 /* MapViewState.swift in Sources */,
				D626C1CA2A30C37400A59EAE /* MapViewActionButton.swift in Sources */,
				D626C1A72A308C5D00A59EAE /* UberCloneApp.swift in Sources */,
				D6A8A2D32A336BAF00A8665A /* Color.swift in Sources */,
				D626C1C02A30929700A59EAE /* UberMapViewRepresentable.swift in Sources */,
				D626C1BE2A308E0600A59EAE /* HomeView.swift in Sources */,
				D6A8A2D12A33683200A8665A /* UberLocation.swift in Sources */,
				D626C1C82A30C28500A59EAE /* LocationSearchActivationView.swift in Sources */,
				D626C1CE2A30C57000A59EAE /* LocationSearchResultCell.swift in Sources */,
				D6A8A2CD2A33603400A8665A /* RideType.swift in Sources */,
			);
			runOnlyForDeploymentPostprocessing = 0;
		};
/* End PBXSourcesBuildPhase section */

/* Begin XCBuildConfiguration section */
		D626C1AF2A308C5E00A59EAE /* Debug */ = {
			isa = XCBuildConfiguration;
			buildSettings = {
				ALWAYS_SEARCH_USER_PATHS = NO;
				CLANG_ANALYZER_NONNULL = YES;
				CLANG_ANALYZER_NUMBER_OBJECT_CONVERSION = YES_AGGRESSIVE;
				CLANG_CXX_LANGUAGE_STANDARD = "gnu++20";
				CLANG_ENABLE_MODULES = YES;
				CLANG_ENABLE_OBJC_ARC = YES;
				CLANG_ENABLE_OBJC_WEAK = YES;
				CLANG_WARN_BLOCK_CAPTURE_AUTORELEASING = YES;
				CLANG_WARN_BOOL_CONVERSION = YES;
				CLANG_WARN_COMMA = YES;
				CLANG_WARN_CONSTANT_CONVERSION = YES;
				CLANG_WARN_DEPRECATED_OBJC_IMPLEMENTATIONS = YES;
				CLANG_WARN_DIRECT_OBJC_ISA_USAGE = YES_ERROR;
				CLANG_WARN_DOCUMENTATION_COMMENTS = YES;
				CLANG_WARN_EMPTY_BODY = YES;
				CLANG_WARN_ENUM_CONVERSION = YES;
				CLANG_WARN_INFINITE_RECURSION = YES;
				CLANG_WARN_INT_CONVERSION = YES;
				CLANG_WARN_NON_LITERAL_NULL_CONVERSION = YES;
				CLANG_WARN_OBJC_IMPLICIT_RETAIN_SELF = YES;
				CLANG_WARN_OBJC_LITERAL_CONVERSION = YES;
				CLANG_WARN_OBJC_ROOT_CLASS = YES_ERROR;
				CLANG_WARN_QUOTED_INCLUDE_IN_FRAMEWORK_HEADER = YES;
				CLANG_WARN_RANGE_LOOP_ANALYSIS = YES;
				CLANG_WARN_STRICT_PROTOTYPES = YES;
				CLANG_WARN_SUSPICIOUS_MOVE = YES;
				CLANG_WARN_UNGUARDED_AVAILABILITY = YES_AGGRESSIVE;
				CLANG_WARN_UNREACHABLE_CODE = YES;
				CLANG_WARN__DUPLICATE_METHOD_MATCH = YES;
				COPY_PHASE_STRIP = NO;
				DEBUG_INFORMATION_FORMAT = dwarf;
				ENABLE_STRICT_OBJC_MSGSEND = YES;
				ENABLE_TESTABILITY = YES;
				GCC_C_LANGUAGE_STANDARD = gnu11;
				GCC_DYNAMIC_NO_PIC = NO;
				GCC_NO_COMMON_BLOCKS = YES;
				GCC_OPTIMIZATION_LEVEL = 0;
				GCC_PREPROCESSOR_DEFINITIONS = (
					"DEBUG=1",
					"$(inherited)",
				);
				GCC_WARN_64_TO_32_BIT_CONVERSION = YES;
				GCC_WARN_ABOUT_RETURN_TYPE = YES_ERROR;
				GCC_WARN_UNDECLARED_SELECTOR = YES;
				GCC_WARN_UNINITIALIZED_AUTOS = YES_AGGRESSIVE;
				GCC_WARN_UNUSED_FUNCTION = YES;
				GCC_WARN_UNUSED_VARIABLE = YES;
				IPHONEOS_DEPLOYMENT_TARGET = 16.4;
				MTL_ENABLE_DEBUG_INFO = INCLUDE_SOURCE;
				MTL_FAST_MATH = YES;
				ONLY_ACTIVE_ARCH = YES;
				SDKROOT = iphoneos;
				SWIFT_ACTIVE_COMPILATION_CONDITIONS = DEBUG;
				SWIFT_OPTIMIZATION_LEVEL = "-Onone";
			};
			name = Debug;
		};
		D626C1B02A308C5E00A59EAE /* Release */ = {
			isa = XCBuildConfiguration;
			buildSettings = {
				ALWAYS_SEARCH_USER_PATHS = NO;
				CLANG_ANALYZER_NONNULL = YES;
				CLANG_ANALYZER_NUMBER_OBJECT_CONVERSION = YES_AGGRESSIVE;
				CLANG_CXX_LANGUAGE_STANDARD = "gnu++20";
				CLANG_ENABLE_MODULES = YES;
				CLANG_ENABLE_OBJC_ARC = YES;
				CLANG_ENABLE_OBJC_WEAK = YES;
				CLANG_WARN_BLOCK_CAPTURE_AUTORELEASING = YES;
				CLANG_WARN_BOOL_CONVERSION = YES;
				CLANG_WARN_COMMA = YES;
				CLANG_WARN_CONSTANT_CONVERSION = YES;
				CLANG_WARN_DEPRECATED_OBJC_IMPLEMENTATIONS = YES;
				CLANG_WARN_DIRECT_OBJC_ISA_USAGE = YES_ERROR;
				CLANG_WARN_DOCUMENTATION_COMMENTS = YES;
				CLANG_WARN_EMPTY_BODY = YES;
				CLANG_WARN_ENUM_CONVERSION = YES;
				CLANG_WARN_INFINITE_RECURSION = YES;
				CLANG_WARN_INT_CONVERSION = YES;
				CLANG_WARN_NON_LITERAL_NULL_CONVERSION = YES;
				CLANG_WARN_OBJC_IMPLICIT_RETAIN_SELF = YES;
				CLANG_WARN_OBJC_LITERAL_CONVERSION = YES;
				CLANG_WARN_OBJC_ROOT_CLASS = YES_ERROR;
				CLANG_WARN_QUOTED_INCLUDE_IN_FRAMEWORK_HEADER = YES;
				CLANG_WARN_RANGE_LOOP_ANALYSIS = YES;
				CLANG_WARN_STRICT_PROTOTYPES = YES;
				CLANG_WARN_SUSPICIOUS_MOVE = YES;
				CLANG_WARN_UNGUARDED_AVAILABILITY = YES_AGGRESSIVE;
				CLANG_WARN_UNREACHABLE_CODE = YES;
				CLANG_WARN__DUPLICATE_METHOD_MATCH = YES;
				COPY_PHASE_STRIP = NO;
				DEBUG_INFORMATION_FORMAT = "dwarf-with-dsym";
				ENABLE_NS_ASSERTIONS = NO;
				ENABLE_STRICT_OBJC_MSGSEND = YES;
				GCC_C_LANGUAGE_STANDARD = gnu11;
				GCC_NO_COMMON_BLOCKS = YES;
				GCC_WARN_64_TO_32_BIT_CONVERSION = YES;
				GCC_WARN_ABOUT_RETURN_TYPE = YES_ERROR;
				GCC_WARN_UNDECLARED_SELECTOR = YES;
				GCC_WARN_UNINITIALIZED_AUTOS = YES_AGGRESSIVE;
				GCC_WARN_UNUSED_FUNCTION = YES;
				GCC_WARN_UNUSED_VARIABLE = YES;
				IPHONEOS_DEPLOYMENT_TARGET = 16.4;
				MTL_ENABLE_DEBUG_INFO = NO;
				MTL_FAST_MATH = YES;
				SDKROOT = iphoneos;
				SWIFT_COMPILATION_MODE = wholemodule;
				SWIFT_OPTIMIZATION_LEVEL = "-O";
				VALIDATE_PRODUCT = YES;
			};
			name = Release;
		};
		D626C1B22A308C5E00A59EAE /* Debug */ = {
			isa = XCBuildConfiguration;
			buildSettings = {
				ASSETCATALOG_COMPILER_APPICON_NAME = AppIcon;
				ASSETCATALOG_COMPILER_GLOBAL_ACCENT_COLOR_NAME = AccentColor;
				CODE_SIGN_STYLE = Automatic;
				CURRENT_PROJECT_VERSION = 1;
				DEVELOPMENT_ASSET_PATHS = "\"UberClone/Preview Content\"";
				DEVELOPMENT_TEAM = 2UT32JD36K;
				ENABLE_PREVIEWS = YES;
				GENERATE_INFOPLIST_FILE = YES;
				INFOPLIST_KEY_NSLocationWhenInUseUsageDescription = "Please allow us to access your location to find you nearby drivers and rides.";
				INFOPLIST_KEY_UIApplicationSceneManifest_Generation = YES;
				INFOPLIST_KEY_UIApplicationSupportsIndirectInputEvents = YES;
				INFOPLIST_KEY_UILaunchScreen_Generation = YES;
				INFOPLIST_KEY_UISupportedInterfaceOrientations_iPad = "UIInterfaceOrientationPortrait UIInterfaceOrientationPortraitUpsideDown UIInterfaceOrientationLandscapeLeft UIInterfaceOrientationLandscapeRight";
				INFOPLIST_KEY_UISupportedInterfaceOrientations_iPhone = "UIInterfaceOrientationPortrait UIInterfaceOrientationLandscapeLeft UIInterfaceOrientationLandscapeRight";
				LD_RUNPATH_SEARCH_PATHS = (
					"$(inherited)",
					"@executable_path/Frameworks",
				);
				MARKETING_VERSION = 1.0;
				PRODUCT_BUNDLE_IDENTIFIER = com.piotrtyl.UberClone;
				PRODUCT_NAME = "$(TARGET_NAME)";
				SWIFT_EMIT_LOC_STRINGS = YES;
				SWIFT_VERSION = 5.0;
				TARGETED_DEVICE_FAMILY = "1,2";
			};
			name = Debug;
		};
		D626C1B32A308C5E00A59EAE /* Release */ = {
			isa = XCBuildConfiguration;
			buildSettings = {
				ASSETCATALOG_COMPILER_APPICON_NAME = AppIcon;
				ASSETCATALOG_COMPILER_GLOBAL_ACCENT_COLOR_NAME = AccentColor;
				CODE_SIGN_STYLE = Automatic;
				CURRENT_PROJECT_VERSION = 1;
				DEVELOPMENT_ASSET_PATHS = "\"UberClone/Preview Content\"";
				DEVELOPMENT_TEAM = 2UT32JD36K;
				ENABLE_PREVIEWS = YES;
				GENERATE_INFOPLIST_FILE = YES;
				INFOPLIST_KEY_NSLocationWhenInUseUsageDescription = "Please allow us to access your location to find you nearby drivers and rides.";
				INFOPLIST_KEY_UIApplicationSceneManifest_Generation = YES;
				INFOPLIST_KEY_UIApplicationSupportsIndirectInputEvents = YES;
				INFOPLIST_KEY_UILaunchScreen_Generation = YES;
				INFOPLIST_KEY_UISupportedInterfaceOrientations_iPad = "UIInterfaceOrientationPortrait UIInterfaceOrientationPortraitUpsideDown UIInterfaceOrientationLandscapeLeft UIInterfaceOrientationLandscapeRight";
				INFOPLIST_KEY_UISupportedInterfaceOrientations_iPhone = "UIInterfaceOrientationPortrait UIInterfaceOrientationLandscapeLeft UIInterfaceOrientationLandscapeRight";
				LD_RUNPATH_SEARCH_PATHS = (
					"$(inherited)",
					"@executable_path/Frameworks",
				);
				MARKETING_VERSION = 1.0;
				PRODUCT_BUNDLE_IDENTIFIER = com.piotrtyl.UberClone;
				PRODUCT_NAME = "$(TARGET_NAME)";
				SWIFT_EMIT_LOC_STRINGS = YES;
				SWIFT_VERSION = 5.0;
				TARGETED_DEVICE_FAMILY = "1,2";
			};
			name = Release;
		};
/* End XCBuildConfiguration section */

/* Begin XCConfigurationList section */
		D626C19E2A308C5D00A59EAE /* Build configuration list for PBXProject "UberClone" */ = {
			isa = XCConfigurationList;
			buildConfigurations = (
				D626C1AF2A308C5E00A59EAE /* Debug */,
				D626C1B02A308C5E00A59EAE /* Release */,
			);
			defaultConfigurationIsVisible = 0;
			defaultConfigurationName = Release;
		};
		D626C1B12A308C5E00A59EAE /* Build configuration list for PBXNativeTarget "UberClone" */ = {
			isa = XCConfigurationList;
			buildConfigurations = (
				D626C1B22A308C5E00A59EAE /* Debug */,
				D626C1B32A308C5E00A59EAE /* Release */,
			);
			defaultConfigurationIsVisible = 0;
			defaultConfigurationName = Release;
		};
/* End XCConfigurationList section */
	};
	rootObject = D626C19B2A308C5D00A59EAE /* Project object */;
}
